// !$*UTF8*$!
{
	archiveVersion = 1;
	classes = {
	};
	objectVersion = 56;
	objects = {

/* Begin PBXBuildFile section */
		145491542B0EA06200B0DC04 /* AppDelegate.swift in Sources */ = {isa = PBXBuildFile; fileRef = 145491532B0EA06200B0DC04 /* AppDelegate.swift */; };
		145491562B0EA06200B0DC04 /* SceneDelegate.swift in Sources */ = {isa = PBXBuildFile; fileRef = 145491552B0EA06200B0DC04 /* SceneDelegate.swift */; };
		145491582B0EA06200B0DC04 /* ViewController.swift in Sources */ = {isa = PBXBuildFile; fileRef = 145491572B0EA06200B0DC04 /* ViewController.swift */; };
		1454915B2B0EA06200B0DC04 /* Main.storyboard in Resources */ = {isa = PBXBuildFile; fileRef = 145491592B0EA06200B0DC04 /* Main.storyboard */; };
		1454915D2B0EA06300B0DC04 /* Assets.xcassets in Resources */ = {isa = PBXBuildFile; fileRef = 1454915C2B0EA06300B0DC04 /* Assets.xcassets */; };
		145491602B0EA06300B0DC04 /* LaunchScreen.storyboard in Resources */ = {isa = PBXBuildFile; fileRef = 1454915E2B0EA06300B0DC04 /* LaunchScreen.storyboard */; };
		1454916B2B0EA06300B0DC04 /* BBETests.swift in Sources */ = {isa = PBXBuildFile; fileRef = 1454916A2B0EA06300B0DC04 /* BBETests.swift */; };
		145491752B0EA06400B0DC04 /* BBEUITests.swift in Sources */ = {isa = PBXBuildFile; fileRef = 145491742B0EA06400B0DC04 /* BBEUITests.swift */; };
		145491772B0EA06400B0DC04 /* BBEUITestsLaunchTests.swift in Sources */ = {isa = PBXBuildFile; fileRef = 145491762B0EA06400B0DC04 /* BBEUITestsLaunchTests.swift */; };
/* End PBXBuildFile section */

/* Begin PBXContainerItemProxy section */
		145491672B0EA06300B0DC04 /* PBXContainerItemProxy */ = {
			isa = PBXContainerItemProxy;
			containerPortal = 145491482B0EA06200B0DC04 /* Project object */;
			proxyType = 1;
			remoteGlobalIDString = 1454914F2B0EA06200B0DC04;
			remoteInfo = BBE;
		};
		145491712B0EA06300B0DC04 /* PBXContainerItemProxy */ = {
			isa = PBXContainerItemProxy;
			containerPortal = 145491482B0EA06200B0DC04 /* Project object */;
			proxyType = 1;
			remoteGlobalIDString = 1454914F2B0EA06200B0DC04;
			remoteInfo = BBE;
		};
/* End PBXContainerItemProxy section */

/* Begin PBXFileReference section */
		145491502B0EA06200B0DC04 /* BBE.app */ = {isa = PBXFileReference; explicitFileType = wrapper.application; includeInIndex = 0; path = BBE.app; sourceTree = BUILT_PRODUCTS_DIR; };
		145491532B0EA06200B0DC04 /* AppDelegate.swift */ = {isa = PBXFileReference; lastKnownFileType = sourcecode.swift; path = AppDelegate.swift; sourceTree = "<group>"; };
		145491552B0EA06200B0DC04 /* SceneDelegate.swift */ = {isa = PBXFileReference; lastKnownFileType = sourcecode.swift; path = SceneDelegate.swift; sourceTree = "<group>"; };
		145491572B0EA06200B0DC04 /* ViewController.swift */ = {isa = PBXFileReference; lastKnownFileType = sourcecode.swift; path = ViewController.swift; sourceTree = "<group>"; };
		1454915A2B0EA06200B0DC04 /* Base */ = {isa = PBXFileReference; lastKnownFileType = file.storyboard; name = Base; path = Base.lproj/Main.storyboard; sourceTree = "<group>"; };
		1454915C2B0EA06300B0DC04 /* Assets.xcassets */ = {isa = PBXFileReference; lastKnownFileType = folder.assetcatalog; path = Assets.xcassets; sourceTree = "<group>"; };
		1454915F2B0EA06300B0DC04 /* Base */ = {isa = PBXFileReference; lastKnownFileType = file.storyboard; name = Base; path = Base.lproj/LaunchScreen.storyboard; sourceTree = "<group>"; };
		145491612B0EA06300B0DC04 /* Info.plist */ = {isa = PBXFileReference; lastKnownFileType = text.plist.xml; path = Info.plist; sourceTree = "<group>"; };
		145491662B0EA06300B0DC04 /* BBETests.xctest */ = {isa = PBXFileReference; explicitFileType = wrapper.cfbundle; includeInIndex = 0; path = BBETests.xctest; sourceTree = BUILT_PRODUCTS_DIR; };
		1454916A2B0EA06300B0DC04 /* BBETests.swift */ = {isa = PBXFileReference; lastKnownFileType = sourcecode.swift; path = BBETests.swift; sourceTree = "<group>"; };
		145491702B0EA06300B0DC04 /* BBEUITests.xctest */ = {isa = PBXFileReference; explicitFileType = wrapper.cfbundle; includeInIndex = 0; path = BBEUITests.xctest; sourceTree = BUILT_PRODUCTS_DIR; };
		145491742B0EA06400B0DC04 /* BBEUITests.swift */ = {isa = PBXFileReference; lastKnownFileType = sourcecode.swift; path = BBEUITests.swift; sourceTree = "<group>"; };
		145491762B0EA06400B0DC04 /* BBEUITestsLaunchTests.swift */ = {isa = PBXFileReference; lastKnownFileType = sourcecode.swift; path = BBEUITestsLaunchTests.swift; sourceTree = "<group>"; };
/* End PBXFileReference section */

/* Begin PBXFrameworksBuildPhase section */
		1454914D2B0EA06200B0DC04 /* Frameworks */ = {
			isa = PBXFrameworksBuildPhase;
			buildActionMask = 2147483647;
			files = (
			);
			runOnlyForDeploymentPostprocessing = 0;
		};
		145491632B0EA06300B0DC04 /* Frameworks */ = {
			isa = PBXFrameworksBuildPhase;
			buildActionMask = 2147483647;
			files = (
			);
			runOnlyForDeploymentPostprocessing = 0;
		};
		1454916D2B0EA06300B0DC04 /* Frameworks */ = {
			isa = PBXFrameworksBuildPhase;
			buildActionMask = 2147483647;
			files = (
			);
			runOnlyForDeploymentPostprocessing = 0;
		};
/* End PBXFrameworksBuildPhase section */

/* Begin PBXGroup section */
		145491472B0EA06200B0DC04 = {
			isa = PBXGroup;
			children = (
				145491522B0EA06200B0DC04 /* BBE */,
				145491692B0EA06300B0DC04 /* BBETests */,
				145491732B0EA06400B0DC04 /* BBEUITests */,
				145491512B0EA06200B0DC04 /* Products */,
			);
			sourceTree = "<group>";
		};
		145491512B0EA06200B0DC04 /* Products */ = {
			isa = PBXGroup;
			children = (
				145491502B0EA06200B0DC04 /* BBE.app */,
				145491662B0EA06300B0DC04 /* BBETests.xctest */,
				145491702B0EA06300B0DC04 /* BBEUITests.xctest */,
			);
			name = Products;
			sourceTree = "<group>";
		};
		145491522B0EA06200B0DC04 /* BBE */ = {
			isa = PBXGroup;
			children = (
				145491532B0EA06200B0DC04 /* AppDelegate.swift */,
				145491552B0EA06200B0DC04 /* SceneDelegate.swift */,
				145491572B0EA06200B0DC04 /* ViewController.swift */,
				145491592B0EA06200B0DC04 /* Main.storyboard */,
				1454915C2B0EA06300B0DC04 /* Assets.xcassets */,
				1454915E2B0EA06300B0DC04 /* LaunchScreen.storyboard */,
				145491612B0EA06300B0DC04 /* Info.plist */,
			);
			path = BBE;
			sourceTree = "<group>";
		};
		145491692B0EA06300B0DC04 /* BBETests */ = {
			isa = PBXGroup;
			children = (
				1454916A2B0EA06300B0DC04 /* BBETests.swift */,
			);
			path = BBETests;
			sourceTree = "<group>";
		};
		145491732B0EA06400B0DC04 /* BBEUITests */ = {
			isa = PBXGroup;
			children = (
				145491742B0EA06400B0DC04 /* BBEUITests.swift */,
				145491762B0EA06400B0DC04 /* BBEUITestsLaunchTests.swift */,
			);
			path = BBEUITests;
			sourceTree = "<group>";
		};
/* End PBXGroup section */

/* Begin PBXNativeTarget section */
		1454914F2B0EA06200B0DC04 /* BBE */ = {
			isa = PBXNativeTarget;
			buildConfigurationList = 1454917A2B0EA06400B0DC04 /* Build configuration list for PBXNativeTarget "BBE" */;
			buildPhases = (
				1454914C2B0EA06200B0DC04 /* Sources */,
				1454914D2B0EA06200B0DC04 /* Frameworks */,
				1454914E2B0EA06200B0DC04 /* Resources */,
			);
			buildRules = (
			);
			dependencies = (
			);
			name = BBE;
			productName = BBE;
			productReference = 145491502B0EA06200B0DC04 /* BBE.app */;
			productType = "com.apple.product-type.application";
		};
		145491652B0EA06300B0DC04 /* BBETests */ = {
			isa = PBXNativeTarget;
			buildConfigurationList = 1454917D2B0EA06400B0DC04 /* Build configuration list for PBXNativeTarget "BBETests" */;
			buildPhases = (
				145491622B0EA06300B0DC04 /* Sources */,
				145491632B0EA06300B0DC04 /* Frameworks */,
				145491642B0EA06300B0DC04 /* Resources */,
			);
			buildRules = (
			);
			dependencies = (
				145491682B0EA06300B0DC04 /* PBXTargetDependency */,
			);
			name = BBETests;
			productName = BBETests;
			productReference = 145491662B0EA06300B0DC04 /* BBETests.xctest */;
			productType = "com.apple.product-type.bundle.unit-test";
		};
		1454916F2B0EA06300B0DC04 /* BBEUITests */ = {
			isa = PBXNativeTarget;
			buildConfigurationList = 145491802B0EA06400B0DC04 /* Build configuration list for PBXNativeTarget "BBEUITests" */;
			buildPhases = (
				1454916C2B0EA06300B0DC04 /* Sources */,
				1454916D2B0EA06300B0DC04 /* Frameworks */,
				1454916E2B0EA06300B0DC04 /* Resources */,
			);
			buildRules = (
			);
			dependencies = (
				145491722B0EA06300B0DC04 /* PBXTargetDependency */,
			);
			name = BBEUITests;
			productName = BBEUITests;
			productReference = 145491702B0EA06300B0DC04 /* BBEUITests.xctest */;
			productType = "com.apple.product-type.bundle.ui-testing";
		};
/* End PBXNativeTarget section */

/* Begin PBXProject section */
		145491482B0EA06200B0DC04 /* Project object */ = {
			isa = PBXProject;
			attributes = {
				BuildIndependentTargetsInParallel = 1;
				LastSwiftUpdateCheck = 1500;
				LastUpgradeCheck = 1500;
				TargetAttributes = {
					1454914F2B0EA06200B0DC04 = {
						CreatedOnToolsVersion = 15.0;
					};
					145491652B0EA06300B0DC04 = {
						CreatedOnToolsVersion = 15.0;
						TestTargetID = 1454914F2B0EA06200B0DC04;
					};
					1454916F2B0EA06300B0DC04 = {
						CreatedOnToolsVersion = 15.0;
						TestTargetID = 1454914F2B0EA06200B0DC04;
					};
				};
			};
			buildConfigurationList = 1454914B2B0EA06200B0DC04 /* Build configuration list for PBXProject "BBE" */;
			compatibilityVersion = "Xcode 14.0";
			developmentRegion = en;
			hasScannedForEncodings = 0;
			knownRegions = (
				en,
				Base,
			);
			mainGroup = 145491472B0EA06200B0DC04;
			productRefGroup = 145491512B0EA06200B0DC04 /* Products */;
			projectDirPath = "";
			projectRoot = "";
			targets = (
				1454914F2B0EA06200B0DC04 /* BBE */,
				145491652B0EA06300B0DC04 /* BBETests */,
				1454916F2B0EA06300B0DC04 /* BBEUITests */,
			);
		};
/* End PBXProject section */

/* Begin PBXResourcesBuildPhase section */
		1454914E2B0EA06200B0DC04 /* Resources */ = {
			isa = PBXResourcesBuildPhase;
			buildActionMask = 2147483647;
			files = (
				145491602B0EA06300B0DC04 /* LaunchScreen.storyboard in Resources */,
				1454915D2B0EA06300B0DC04 /* Assets.xcassets in Resources */,
				1454915B2B0EA06200B0DC04 /* Main.storyboard in Resources */,
			);
			runOnlyForDeploymentPostprocessing = 0;
		};
		145491642B0EA06300B0DC04 /* Resources */ = {
			isa = PBXResourcesBuildPhase;
			buildActionMask = 2147483647;
			files = (
			);
			runOnlyForDeploymentPostprocessing = 0;
		};
		1454916E2B0EA06300B0DC04 /* Resources */ = {
			isa = PBXResourcesBuildPhase;
			buildActionMask = 2147483647;
			files = (
			);
			runOnlyForDeploymentPostprocessing = 0;
		};
/* End PBXResourcesBuildPhase section */

/* Begin PBXSourcesBuildPhase section */
		1454914C2B0EA06200B0DC04 /* Sources */ = {
			isa = PBXSourcesBuildPhase;
			buildActionMask = 2147483647;
			files = (
				145491582B0EA06200B0DC04 /* ViewController.swift in Sources */,
				145491542B0EA06200B0DC04 /* AppDelegate.swift in Sources */,
				145491562B0EA06200B0DC04 /* SceneDelegate.swift in Sources */,
			);
			runOnlyForDeploymentPostprocessing = 0;
		};
		145491622B0EA06300B0DC04 /* Sources */ = {
			isa = PBXSourcesBuildPhase;
			buildActionMask = 2147483647;
			files = (
				1454916B2B0EA06300B0DC04 /* BBETests.swift in Sources */,
			);
			runOnlyForDeploymentPostprocessing = 0;
		};
		1454916C2B0EA06300B0DC04 /* Sources */ = {
			isa = PBXSourcesBuildPhase;
			buildActionMask = 2147483647;
			files = (
				145491772B0EA06400B0DC04 /* BBEUITestsLaunchTests.swift in Sources */,
				145491752B0EA06400B0DC04 /* BBEUITests.swift in Sources */,
			);
			runOnlyForDeploymentPostprocessing = 0;
		};
/* End PBXSourcesBuildPhase section */

/* Begin PBXTargetDependency section */
		145491682B0EA06300B0DC04 /* PBXTargetDependency */ = {
			isa = PBXTargetDependency;
			target = 1454914F2B0EA06200B0DC04 /* BBE */;
			targetProxy = 145491672B0EA06300B0DC04 /* PBXContainerItemProxy */;
		};
		145491722B0EA06300B0DC04 /* PBXTargetDependency */ = {
			isa = PBXTargetDependency;
			target = 1454914F2B0EA06200B0DC04 /* BBE */;
			targetProxy = 145491712B0EA06300B0DC04 /* PBXContainerItemProxy */;
		};
/* End PBXTargetDependency section */

/* Begin PBXVariantGroup section */
		145491592B0EA06200B0DC04 /* Main.storyboard */ = {
			isa = PBXVariantGroup;
			children = (
				1454915A2B0EA06200B0DC04 /* Base */,
			);
			name = Main.storyboard;
			sourceTree = "<group>";
		};
		1454915E2B0EA06300B0DC04 /* LaunchScreen.storyboard */ = {
			isa = PBXVariantGroup;
			children = (
				1454915F2B0EA06300B0DC04 /* Base */,
			);
			name = LaunchScreen.storyboard;
			sourceTree = "<group>";
		};
/* End PBXVariantGroup section */

/* Begin XCBuildConfiguration section */
		145491782B0EA06400B0DC04 /* Debug */ = {
			isa = XCBuildConfiguration;
			buildSettings = {
				ALWAYS_SEARCH_USER_PATHS = NO;
				ASSETCATALOG_COMPILER_GENERATE_SWIFT_ASSET_SYMBOL_EXTENSIONS = YES;
				CLANG_ANALYZER_NONNULL = YES;
				CLANG_ANALYZER_NUMBER_OBJECT_CONVERSION = YES_AGGRESSIVE;
				CLANG_CXX_LANGUAGE_STANDARD = "gnu++20";
				CLANG_ENABLE_MODULES = YES;
				CLANG_ENABLE_OBJC_ARC = YES;
				CLANG_ENABLE_OBJC_WEAK = YES;
				CLANG_WARN_BLOCK_CAPTURE_AUTORELEASING = YES;
				CLANG_WARN_BOOL_CONVERSION = YES;
				CLANG_WARN_COMMA = YES;
				CLANG_WARN_CONSTANT_CONVERSION = YES;
				CLANG_WARN_DEPRECATED_OBJC_IMPLEMENTATIONS = YES;
				CLANG_WARN_DIRECT_OBJC_ISA_USAGE = YES_ERROR;
				CLANG_WARN_DOCUMENTATION_COMMENTS = YES;
				CLANG_WARN_EMPTY_BODY = YES;
				CLANG_WARN_ENUM_CONVERSION = YES;
				CLANG_WARN_INFINITE_RECURSION = YES;
				CLANG_WARN_INT_CONVERSION = YES;
				CLANG_WARN_NON_LITERAL_NULL_CONVERSION = YES;
				CLANG_WARN_OBJC_IMPLICIT_RETAIN_SELF = YES;
				CLANG_WARN_OBJC_LITERAL_CONVERSION = YES;
				CLANG_WARN_OBJC_ROOT_CLASS = YES_ERROR;
				CLANG_WARN_QUOTED_INCLUDE_IN_FRAMEWORK_HEADER = YES;
				CLANG_WARN_RANGE_LOOP_ANALYSIS = YES;
				CLANG_WARN_STRICT_PROTOTYPES = YES;
				CLANG_WARN_SUSPICIOUS_MOVE = YES;
				CLANG_WARN_UNGUARDED_AVAILABILITY = YES_AGGRESSIVE;
				CLANG_WARN_UNREACHABLE_CODE = YES;
				CLANG_WARN__DUPLICATE_METHOD_MATCH = YES;
				COPY_PHASE_STRIP = NO;
				DEBUG_INFORMATION_FORMAT = dwarf;
				ENABLE_STRICT_OBJC_MSGSEND = YES;
				ENABLE_TESTABILITY = YES;
				ENABLE_USER_SCRIPT_SANDBOXING = YES;
				GCC_C_LANGUAGE_STANDARD = gnu17;
				GCC_DYNAMIC_NO_PIC = NO;
				GCC_NO_COMMON_BLOCKS = YES;
				GCC_OPTIMIZATION_LEVEL = 0;
				GCC_PREPROCESSOR_DEFINITIONS = (
					"DEBUG=1",
					"$(inherited)",
				);
				GCC_WARN_64_TO_32_BIT_CONVERSION = YES;
				GCC_WARN_ABOUT_RETURN_TYPE = YES_ERROR;
				GCC_WARN_UNDECLARED_SELECTOR = YES;
				GCC_WARN_UNINITIALIZED_AUTOS = YES_AGGRESSIVE;
				GCC_WARN_UNUSED_FUNCTION = YES;
				GCC_WARN_UNUSED_VARIABLE = YES;
				IPHONEOS_DEPLOYMENT_TARGET = 17.0;
				LOCALIZATION_PREFERS_STRING_CATALOGS = YES;
				MTL_ENABLE_DEBUG_INFO = INCLUDE_SOURCE;
				MTL_FAST_MATH = YES;
				ONLY_ACTIVE_ARCH = YES;
				SDKROOT = iphoneos;
				SWIFT_ACTIVE_COMPILATION_CONDITIONS = "DEBUG $(inherited)";
				SWIFT_OPTIMIZATION_LEVEL = "-Onone";
			};
			name = Debug;
		};
		145491792B0EA06400B0DC04 /* Release */ = {
			isa = XCBuildConfiguration;
			buildSettings = {
				ALWAYS_SEARCH_USER_PATHS = NO;
				ASSETCATALOG_COMPILER_GENERATE_SWIFT_ASSET_SYMBOL_EXTENSIONS = YES;
				CLANG_ANALYZER_NONNULL = YES;
				CLANG_ANALYZER_NUMBER_OBJECT_CONVERSION = YES_AGGRESSIVE;
				CLANG_CXX_LANGUAGE_STANDARD = "gnu++20";
				CLANG_ENABLE_MODULES = YES;
				CLANG_ENABLE_OBJC_ARC = YES;
				CLANG_ENABLE_OBJC_WEAK = YES;
				CLANG_WARN_BLOCK_CAPTURE_AUTORELEASING = YES;
				CLANG_WARN_BOOL_CONVERSION = YES;
				CLANG_WARN_COMMA = YES;
				CLANG_WARN_CONSTANT_CONVERSION = YES;
				CLANG_WARN_DEPRECATED_OBJC_IMPLEMENTATIONS = YES;
				CLANG_WARN_DIRECT_OBJC_ISA_USAGE = YES_ERROR;
				CLANG_WARN_DOCUMENTATION_COMMENTS = YES;
				CLANG_WARN_EMPTY_BODY = YES;
				CLANG_WARN_ENUM_CONVERSION = YES;
				CLANG_WARN_INFINITE_RECURSION = YES;
				CLANG_WARN_INT_CONVERSION = YES;
				CLANG_WARN_NON_LITERAL_NULL_CONVERSION = YES;
				CLANG_WARN_OBJC_IMPLICIT_RETAIN_SELF = YES;
				CLANG_WARN_OBJC_LITERAL_CONVERSION = YES;
				CLANG_WARN_OBJC_ROOT_CLASS = YES_ERROR;
				CLANG_WARN_QUOTED_INCLUDE_IN_FRAMEWORK_HEADER = YES;
				CLANG_WARN_RANGE_LOOP_ANALYSIS = YES;
				CLANG_WARN_STRICT_PROTOTYPES = YES;
				CLANG_WARN_SUSPICIOUS_MOVE = YES;
				CLANG_WARN_UNGUARDED_AVAILABILITY = YES_AGGRESSIVE;
				CLANG_WARN_UNREACHABLE_CODE = YES;
				CLANG_WARN__DUPLICATE_METHOD_MATCH = YES;
				COPY_PHASE_STRIP = NO;
				DEBUG_INFORMATION_FORMAT = "dwarf-with-dsym";
				ENABLE_NS_ASSERTIONS = NO;
				ENABLE_STRICT_OBJC_MSGSEND = YES;
				ENABLE_USER_SCRIPT_SANDBOXING = YES;
				GCC_C_LANGUAGE_STANDARD = gnu17;
				GCC_NO_COMMON_BLOCKS = YES;
				GCC_WARN_64_TO_32_BIT_CONVERSION = YES;
				GCC_WARN_ABOUT_RETURN_TYPE = YES_ERROR;
				GCC_WARN_UNDECLARED_SELECTOR = YES;
				GCC_WARN_UNINITIALIZED_AUTOS = YES_AGGRESSIVE;
				GCC_WARN_UNUSED_FUNCTION = YES;
				GCC_WARN_UNUSED_VARIABLE = YES;
				IPHONEOS_DEPLOYMENT_TARGET = 17.0;
				LOCALIZATION_PREFERS_STRING_CATALOGS = YES;
				MTL_ENABLE_DEBUG_INFO = NO;
				MTL_FAST_MATH = YES;
				SDKROOT = iphoneos;
				SWIFT_COMPILATION_MODE = wholemodule;
				VALIDATE_PRODUCT = YES;
			};
			name = Release;
		};
		1454917B2B0EA06400B0DC04 /* Debug */ = {
			isa = XCBuildConfiguration;
			buildSettings = {
				ASSETCATALOG_COMPILER_APPICON_NAME = AppIcon;
				ASSETCATALOG_COMPILER_GLOBAL_ACCENT_COLOR_NAME = AccentColor;
				CODE_SIGN_STYLE = Automatic;
				CURRENT_PROJECT_VERSION = 1;
				GENERATE_INFOPLIST_FILE = YES;
				INFOPLIST_FILE = BBE/Info.plist;
				INFOPLIST_KEY_UIApplicationSupportsIndirectInputEvents = YES;
				INFOPLIST_KEY_UILaunchStoryboardName = LaunchScreen;
				INFOPLIST_KEY_UIMainStoryboardFile = Main;
				INFOPLIST_KEY_UISupportedInterfaceOrientations_iPad = "UIInterfaceOrientationPortrait UIInterfaceOrientationPortraitUpsideDown UIInterfaceOrientationLandscapeLeft UIInterfaceOrientationLandscapeRight";
				INFOPLIST_KEY_UISupportedInterfaceOrientations_iPhone = "UIInterfaceOrientationPortrait UIInterfaceOrientationLandscapeLeft UIInterfaceOrientationLandscapeRight";
				LD_RUNPATH_SEARCH_PATHS = (
					"$(inherited)",
					"@executable_path/Frameworks",
				);
				MARKETING_VERSION = 1.0;
				PRODUCT_BUNDLE_IDENTIFIER = ca.akshays.BBE;
				PRODUCT_NAME = "$(TARGET_NAME)";
				SWIFT_EMIT_LOC_STRINGS = YES;
				SWIFT_VERSION = 5.0;
				TARGETED_DEVICE_FAMILY = "1,2";
			};
			name = Debug;
		};
		1454917C2B0EA06400B0DC04 /* Release */ = {
			isa = XCBuildConfiguration;
			buildSettings = {
				ASSETCATALOG_COMPILER_APPICON_NAME = AppIcon;
				ASSETCATALOG_COMPILER_GLOBAL_ACCENT_COLOR_NAME = AccentColor;
				CODE_SIGN_STYLE = Automatic;
				CURRENT_PROJECT_VERSION = 1;
				GENERATE_INFOPLIST_FILE = YES;
				INFOPLIST_FILE = BBE/Info.plist;
				INFOPLIST_KEY_UIApplicationSupportsIndirectInputEvents = YES;
				INFOPLIST_KEY_UILaunchStoryboardName = LaunchScreen;
				INFOPLIST_KEY_UIMainStoryboardFile = Main;
				INFOPLIST_KEY_UISupportedInterfaceOrientations_iPad = "UIInterfaceOrientationPortrait UIInterfaceOrientationPortraitUpsideDown UIInterfaceOrientationLandscapeLeft UIInterfaceOrientationLandscapeRight";
				INFOPLIST_KEY_UISupportedInterfaceOrientations_iPhone = "UIInterfaceOrientationPortrait UIInterfaceOrientationLandscapeLeft UIInterfaceOrientationLandscapeRight";
				LD_RUNPATH_SEARCH_PATHS = (
					"$(inherited)",
					"@executable_path/Frameworks",
				);
				MARKETING_VERSION = 1.0;
				PRODUCT_BUNDLE_IDENTIFIER = ca.akshays.BBE;
				PRODUCT_NAME = "$(TARGET_NAME)";
				SWIFT_EMIT_LOC_STRINGS = YES;
				SWIFT_VERSION = 5.0;
				TARGETED_DEVICE_FAMILY = "1,2";
			};
			name = Release;
		};
		1454917E2B0EA06400B0DC04 /* Debug */ = {
			isa = XCBuildConfiguration;
			buildSettings = {
				ALWAYS_EMBED_SWIFT_STANDARD_LIBRARIES = YES;
				BUNDLE_LOADER = "$(TEST_HOST)";
				CODE_SIGN_STYLE = Automatic;
				CURRENT_PROJECT_VERSION = 1;
				GENERATE_INFOPLIST_FILE = YES;
				IPHONEOS_DEPLOYMENT_TARGET = 17.0;
				MARKETING_VERSION = 1.0;
				PRODUCT_BUNDLE_IDENTIFIER = ca.akshays.BBETests;
				PRODUCT_NAME = "$(TARGET_NAME)";
				SWIFT_EMIT_LOC_STRINGS = NO;
				SWIFT_VERSION = 5.0;
				TARGETED_DEVICE_FAMILY = "1,2";
				TEST_HOST = "$(BUILT_PRODUCTS_DIR)/BBE.app/$(BUNDLE_EXECUTABLE_FOLDER_PATH)/BBE";
			};
			name = Debug;
		};
		1454917F2B0EA06400B0DC04 /* Release */ = {
			isa = XCBuildConfiguration;
			buildSettings = {
				ALWAYS_EMBED_SWIFT_STANDARD_LIBRARIES = YES;
				BUNDLE_LOADER = "$(TEST_HOST)";
				CODE_SIGN_STYLE = Automatic;
				CURRENT_PROJECT_VERSION = 1;
				GENERATE_INFOPLIST_FILE = YES;
				IPHONEOS_DEPLOYMENT_TARGET = 17.0;
				MARKETING_VERSION = 1.0;
				PRODUCT_BUNDLE_IDENTIFIER = ca.akshays.BBETests;
				PRODUCT_NAME = "$(TARGET_NAME)";
				SWIFT_EMIT_LOC_STRINGS = NO;
				SWIFT_VERSION = 5.0;
				TARGETED_DEVICE_FAMILY = "1,2";
				TEST_HOST = "$(BUILT_PRODUCTS_DIR)/BBE.app/$(BUNDLE_EXECUTABLE_FOLDER_PATH)/BBE";
			};
			name = Release;
		};
		145491812B0EA06400B0DC04 /* Debug */ = {
			isa = XCBuildConfiguration;
			buildSettings = {
				ALWAYS_EMBED_SWIFT_STANDARD_LIBRARIES = YES;
				CODE_SIGN_STYLE = Automatic;
				CURRENT_PROJECT_VERSION = 1;
				GENERATE_INFOPLIST_FILE = YES;
				MARKETING_VERSION = 1.0;
				PRODUCT_BUNDLE_IDENTIFIER = ca.akshays.BBEUITests;
				PRODUCT_NAME = "$(TARGET_NAME)";
				SWIFT_EMIT_LOC_STRINGS = NO;
				SWIFT_VERSION = 5.0;
				TARGETED_DEVICE_FAMILY = "1,2";
				TEST_TARGET_NAME = BBE;
			};
			name = Debug;
		};
		145491822B0EA06400B0DC04 /* Release */ = {
			isa = XCBuildConfiguration;
			buildSettings = {
				ALWAYS_EMBED_SWIFT_STANDARD_LIBRARIES = YES;
				CODE_SIGN_STYLE = Automatic;
				CURRENT_PROJECT_VERSION = 1;
				GENERATE_INFOPLIST_FILE = YES;
				MARKETING_VERSION = 1.0;
				PRODUCT_BUNDLE_IDENTIFIER = ca.akshays.BBEUITests;
				PRODUCT_NAME = "$(TARGET_NAME)";
				SWIFT_EMIT_LOC_STRINGS = NO;
				SWIFT_VERSION = 5.0;
				TARGETED_DEVICE_FAMILY = "1,2";
				TEST_TARGET_NAME = BBE;
			};
			name = Release;
		};
/* End XCBuildConfiguration section */

/* Begin XCConfigurationList section */
		1454914B2B0EA06200B0DC04 /* Build configuration list for PBXProject "BBE" */ = {
			isa = XCConfigurationList;
			buildConfigurations = (
				145491782B0EA06400B0DC04 /* Debug */,
				145491792B0EA06400B0DC04 /* Release */,
			);
			defaultConfigurationIsVisible = 0;
			defaultConfigurationName = Release;
		};
		1454917A2B0EA06400B0DC04 /* Build configuration list for PBXNativeTarget "BBE" */ = {
			isa = XCConfigurationList;
			buildConfigurations = (
				1454917B2B0EA06400B0DC04 /* Debug */,
				1454917C2B0EA06400B0DC04 /* Release */,
			);
			defaultConfigurationIsVisible = 0;
			defaultConfigurationName = Release;
		};
		1454917D2B0EA06400B0DC04 /* Build configuration list for PBXNativeTarget "BBETests" */ = {
			isa = XCConfigurationList;
			buildConfigurations = (
				1454917E2B0EA06400B0DC04 /* Debug */,
				1454917F2B0EA06400B0DC04 /* Release */,
			);
			defaultConfigurationIsVisible = 0;
			defaultConfigurationName = Release;
		};
		145491802B0EA06400B0DC04 /* Build configuration list for PBXNativeTarget "BBEUITests" */ = {
			isa = XCConfigurationList;
			buildConfigurations = (
				145491812B0EA06400B0DC04 /* Debug */,
				145491822B0EA06400B0DC04 /* Release */,
			);
			defaultConfigurationIsVisible = 0;
			defaultConfigurationName = Release;
		};
/* End XCConfigurationList section */
	};
	rootObject = 145491482B0EA06200B0DC04 /* Project object */;
}
